
Microsoft Visual Studio Solution File, Format Version 12.00
# Visual Studio Version 17
VisualStudioVersion = 17.5.33516.290
MinimumVisualStudioVersion = 10.0.40219.1
Project("{FAE04EC0-301F-11D3-BF4B-00C04F79EFBC}") = "CapaDatos", "CapaDatos\CapaDatos.csproj", "{27C25938-F4C5-4D3F-AE3C-BBD9EB5E1E6E}"
EndProject
Project("{FAE04EC0-301F-11D3-BF4B-00C04F79EFBC}") = "CapaEntidad", "CapaEntidad\CapaEntidad.csproj", "{A3790558-F4CE-42A8-93FF-8E27B1B8CD7A}"
EndProject
Project("{FAE04EC0-301F-11D3-BF4B-00C04F79EFBC}") = "CapaNegocio", "CapaNegocio\CapaNegocio.csproj", "{8645325E-16A7-4962-8275-1ED0D572FFC8}"
EndProject
Project("{FAE04EC0-301F-11D3-BF4B-00C04F79EFBC}") = "CapaPresentacion", "CapaPresentacion\CapaPresentacion.csproj", "{24F68BB1-004A-43EF-971C-4C45E49ED9C0}"
EndProject
Global
	GlobalSection(SolutionConfigurationPlatforms) = preSolution
		Debug|Any CPU = Debug|Any CPU
		Release|Any CPU = Release|Any CPU
	EndGlobalSection
	GlobalSection(ProjectConfigurationPlatforms) = postSolution
		{27C25938-F4C5-4D3F-AE3C-BBD9EB5E1E6E}.Debug|Any CPU.ActiveCfg = Debug|Any CPU
		{27C25938-F4C5-4D3F-AE3C-BBD9EB5E1E6E}.Debug|Any CPU.Build.0 = Debug|Any CPU
		{27C25938-F4C5-4D3F-AE3C-BBD9EB5E1E6E}.Release|Any CPU.ActiveCfg = Release|Any CPU
		{27C25938-F4C5-4D3F-AE3C-BBD9EB5E1E6E}.Release|Any CPU.Build.0 = Release|Any CPU
		{A3790558-F4CE-42A8-93FF-8E27B1B8CD7A}.Debug|Any CPU.ActiveCfg = Debug|Any CPU
		{A3790558-F4CE-42A8-93FF-8E27B1B8CD7A}.Debug|Any CPU.Build.0 = Debug|Any CPU
		{A3790558-F4CE-42A8-93FF-8E27B1B8CD7A}.Release|Any CPU.ActiveCfg = Release|Any CPU
		{A3790558-F4CE-42A8-93FF-8E27B1B8CD7A}.Release|Any CPU.Build.0 = Release|Any CPU
		{8645325E-16A7-4962-8275-1ED0D572FFC8}.Debug|Any CPU.ActiveCfg = Debug|Any CPU
		{8645325E-16A7-4962-8275-1ED0D572FFC8}.Debug|Any CPU.Build.0 = Debug|Any CPU
		{8645325E-16A7-4962-8275-1ED0D572FFC8}.Release|Any CPU.ActiveCfg = Release|Any CPU
		{8645325E-16A7-4962-8275-1ED0D572FFC8}.Release|Any CPU.Build.0 = Release|Any CPU
		{24F68BB1-004A-43EF-971C-4C45E49ED9C0}.Debug|Any CPU.ActiveCfg = Debug|Any CPU
		{24F68BB1-004A-43EF-971C-4C45E49ED9C0}.Debug|Any CPU.Build.0 = Debug|Any CPU
		{24F68BB1-004A-43EF-971C-4C45E49ED9C0}.Release|Any CPU.ActiveCfg = Release|Any CPU
		{24F68BB1-004A-43EF-971C-4C45E49ED9C0}.Release|Any CPU.Build.0 = Release|Any CPU
	EndGlobalSection
	GlobalSection(SolutionProperties) = preSolution
		HideSolutionNode = FALSE
	EndGlobalSection
	GlobalSection(ExtensibilityGlobals) = postSolution
		SolutionGuid = {585E9AC6-96EA-4B29-A864-725F9B564FCE}
	EndGlobalSection
EndGlobal
